<?xml version="1.0" encoding="utf-8"?>
<Project ToolsVersion="4.0" xmlns="http://schemas.microsoft.com/developer/msbuild/2003">
  <ItemGroup>
    <Filter Include="Source Files">
      <UniqueIdentifier>{4FC737F1-C7A5-4376-A066-2A32D752A2FF}</UniqueIdentifier>
      <Extensions>cpp;c;cc;cxx;def;odl;idl;hpj;bat;asm;asmx</Extensions>
    </Filter>
    <Filter Include="Header Files">
      <UniqueIdentifier>{93995380-89BD-4b04-88EB-625FBE52EBFB}</UniqueIdentifier>
      <Extensions>h;hpp;hxx;hm;inl;inc;xsd</Extensions>
    </Filter>
    <Filter Include="Resource Files">
      <UniqueIdentifier>{67DA6AB6-F800-4c08-8B7A-83BB121AAD01}</UniqueIdentifier>
      <Extensions>rc;ico;cur;bmp;dlg;rc2;rct;bin;rgs;gif;jpg;jpeg;jpe;resx;tiff;tif;png;wav;mfcribbon-ms</Extensions>
    </Filter>
    <Filter Include="Source Files\sxml">
      <UniqueIdentifier>{b6f13627-3c5b-422a-95e2-0adc3917b0e9}</UniqueIdentifier>
    </Filter>
    <Filter Include="Source Files\http">
      <UniqueIdentifier>{3d546867-5413-401e-8d86-5b8a3063bf98}</UniqueIdentifier>
    </Filter>
    <Filter Include="Header Files\vs">
      <UniqueIdentifier>{f4d27df2-8615-4198-990c-eae318281347}</UniqueIdentifier>
    </Filter>
    <Filter Include="Header Files\sxml">
      <UniqueIdentifier>{89d82e4a-9f64-402e-ab25-136b7e5bcf55}</UniqueIdentifier>
    </Filter>
  </ItemGroup>
  <ItemGroup>
    <ClCompile Include="..\src\conf.cpp">
      <Filter>Source Files</Filter>
    </ClCompile>
    <ClCompile Include="..\src\file.cpp">
      <Filter>Source Files</Filter>
    </ClCompile>
    <ClCompile Include="..\src\handle.cpp">
      <Filter>Source Files</Filter>
    </ClCompile>
    <ClCompile Include="..\src\httpserver.cpp">
      <Filter>Source Files</Filter>
    </ClCompile>
    <ClCompile Include="..\src\libsx.cpp">
      <Filter>Source Files</Filter>
    </ClCompile>
    <ClCompile Include="..\src\mmfile.cpp">
      <Filter>Source Files</Filter>
    </ClCompile>
    <ClCompile Include="..\src\network.cpp">
      <Filter>Source Files</Filter>
    </ClCompile>
    <ClCompile Include="..\src\sst.cpp">
      <Filter>Source Files</Filter>
    </ClCompile>
    <ClCompile Include="..\src\stream.cpp">
      <Filter>Source Files</Filter>
    </ClCompile>
    <ClCompile Include="..\src\strings.cpp">
      <Filter>Source Files</Filter>
    </ClCompile>
    <ClCompile Include="..\src\tcpserver.cpp">
      <Filter>Source Files</Filter>
    </ClCompile>
    <ClCompile Include="..\src\tokenize.cpp">
      <Filter>Source Files</Filter>
    </ClCompile>
    <ClCompile Include="..\src\sxml\element.cpp">
      <Filter>Source Files\sxml</Filter>
    </ClCompile>
    <ClCompile Include="..\src\sxml\sxml.cpp">
      <Filter>Source Files\sxml</Filter>
    </ClCompile>
    <ClCompile Include="..\src\sxml\sxmlerror.cpp">
      <Filter>Source Files\sxml</Filter>
    </ClCompile>
    <ClCompile Include="..\src\sxml\sxmlparser.cpp">
      <Filter>Source Files\sxml</Filter>
    </ClCompile>
    <ClCompile Include="..\src\sxml\sxmlstr.cpp">
      <Filter>Source Files\sxml</Filter>
    </ClCompile>
    <ClCompile Include="..\src\http\controller.cpp">
      <Filter>Source Files\http</Filter>
    </ClCompile>
    <ClCompile Include="..\src\http\mimes.cpp">
      <Filter>Source Files\http</Filter>
    </ClCompile>
  </ItemGroup>
  <ItemGroup>
    <ClInclude Include="..\src\vs\types.h">
      <Filter>Header Files\vs</Filter>
    </ClInclude>
    <ClInclude Include="..\src\conf.h">
      <Filter>Header Files</Filter>
    </ClInclude>
    <ClInclude Include="..\src\datatypes.h">
      <Filter>Header Files</Filter>
    </ClInclude>
    <ClInclude Include="..\src\file.h">
      <Filter>Header Files</Filter>
    </ClInclude>
    <ClInclude Include="..\src\handle.h">
      <Filter>Header Files</Filter>
    </ClInclude>
    <ClInclude Include="..\src\httpserver.h">
      <Filter>Header Files</Filter>
    </ClInclude>
    <ClInclude Include="..\src\libsx.h">
      <Filter>Header Files</Filter>
    </ClInclude>
    <ClInclude Include="..\src\mmfile.h">
      <Filter>Header Files</Filter>
    </ClInclude>
    <ClInclude Include="..\src\network.h">
      <Filter>Header Files</Filter>
    </ClInclude>
    <ClInclude Include="..\src\sst.h">
      <Filter>Header Files</Filter>
    </ClInclude>
    <ClInclude Include="..\src\stream.h">
      <Filter>Header Files</Filter>
    </ClInclude>
    <ClInclude Include="..\src\strings.h">
      <Filter>Header Files</Filter>
    </ClInclude>
    <ClInclude Include="..\src\tcpserver.h">
      <Filter>Header Files</Filter>
    </ClInclude>
    <ClInclude Include="..\src\tokenize.h">
      <Filter>Header Files</Filter>
    </ClInclude>
    <ClInclude Include="..\src\sxml\sxml.h">
      <Filter>Header Files\sxml</Filter>
    </ClInclude>
    <ClInclude Include="..\src\sxml\sxmlstr.h">
      <Filter>Header Files\sxml</Filter>
    </ClInclude>
  </ItemGroup>
</Project>